
Microsoft Visual Studio Solution File, Format Version 12.00
# Visual Studio Version 17
VisualStudioVersion = 17.2.32526.322
MinimumVisualStudioVersion = 10.0.40219.1
Project("{FAE04EC0-301F-11D3-BF4B-00C04F79EFBC}") = "BankEncapsulation", "BankEncapsulation\BankEncapsulation.csproj", "{768DD4DF-EA05-430C-8482-DE33D3E058CF}"
EndProject
Global
	GlobalSection(SolutionConfigurationPlatforms) = preSolution
		Debug|Any CPU = Debug|Any CPU
		Release|Any CPU = Release|Any CPU
	EndGlobalSection
	GlobalSection(ProjectConfigurationPlatforms) = postSolution
		{768DD4DF-EA05-430C-8482-DE33D3E058CF}.Debug|Any CPU.ActiveCfg = Debug|Any CPU
		{768DD4DF-EA05-430C-8482-DE33D3E058CF}.Debug|Any CPU.Build.0 = Debug|Any CPU
		{768DD4DF-EA05-430C-8482-DE33D3E058CF}.Release|Any CPU.ActiveCfg = Release|Any CPU
		{768DD4DF-EA05-430C-8482-DE33D3E058CF}.Release|Any CPU.Build.0 = Release|Any CPU
	EndGlobalSection
	GlobalSection(SolutionProperties) = preSolution
		HideSolutionNode = FALSE
	EndGlobalSection
	GlobalSection(ExtensibilityGlobals) = postSolution
		SolutionGuid = {B8BC6CE1-8736-4C93-B654-FDAF8B0736F0}
	EndGlobalSection
EndGlobal
